
Microsoft Visual Studio Solution File, Format Version 12.00
# Visual Studio Version 16
VisualStudioVersion = 16.0.31321.278
MinimumVisualStudioVersion = 10.0.40219.1
Project("{9A19103F-16F7-4668-BE54-9A1E7A4F7556}") = "AuditSeverityModule", "AuditSeverityModule.csproj", "{EBFD7E91-325F-46E6-9D80-D82E43DDABC1}"
EndProject
Project("{FAE04EC0-301F-11D3-BF4B-00C04F79EFBC}") = "AuditSeverityTesting", "..\AuditSeverityTesting\AuditSeverityTesting.csproj", "{BC2F5516-78C5-406D-9A6F-7E42DDE7933B}"
EndProject
Global
	GlobalSection(SolutionConfigurationPlatforms) = preSolution
		Debug|Any CPU = Debug|Any CPU
		Release|Any CPU = Release|Any CPU
	EndGlobalSection
	GlobalSection(ProjectConfigurationPlatforms) = postSolution
		{EBFD7E91-325F-46E6-9D80-D82E43DDABC1}.Debug|Any CPU.ActiveCfg = Debug|Any CPU
		{EBFD7E91-325F-46E6-9D80-D82E43DDABC1}.Debug|Any CPU.Build.0 = Debug|Any CPU
		{EBFD7E91-325F-46E6-9D80-D82E43DDABC1}.Release|Any CPU.ActiveCfg = Release|Any CPU
		{EBFD7E91-325F-46E6-9D80-D82E43DDABC1}.Release|Any CPU.Build.0 = Release|Any CPU
		{BC2F5516-78C5-406D-9A6F-7E42DDE7933B}.Debug|Any CPU.ActiveCfg = Debug|Any CPU
		{BC2F5516-78C5-406D-9A6F-7E42DDE7933B}.Debug|Any CPU.Build.0 = Debug|Any CPU
		{BC2F5516-78C5-406D-9A6F-7E42DDE7933B}.Release|Any CPU.ActiveCfg = Release|Any CPU
		{BC2F5516-78C5-406D-9A6F-7E42DDE7933B}.Release|Any CPU.Build.0 = Release|Any CPU
	EndGlobalSection
	GlobalSection(SolutionProperties) = preSolution
		HideSolutionNode = FALSE
	EndGlobalSection
	GlobalSection(ExtensibilityGlobals) = postSolution
		SolutionGuid = {51CC0F3A-31F2-4A70-A199-0853EAC01F6A}
	EndGlobalSection
EndGlobal
